
Microsoft Visual Studio Solution File, Format Version 12.00
Project("{F2A71F9B-5D33-465A-A702-920D77279786}") = "language-features-f-sharp", "language-features-f-sharp\language-features-f-sharp.fsproj", "{6DF30442-1143-4A11-AFEA-9E6318F20EC1}"
EndProject
Global
	GlobalSection(SolutionConfigurationPlatforms) = preSolution
		Debug|Any CPU = Debug|Any CPU
		Release|Any CPU = Release|Any CPU
	EndGlobalSection
	GlobalSection(ProjectConfigurationPlatforms) = postSolution
		{6DF30442-1143-4A11-AFEA-9E6318F20EC1}.Debug|Any CPU.ActiveCfg = Debug|Any CPU
		{6DF30442-1143-4A11-AFEA-9E6318F20EC1}.Debug|Any CPU.Build.0 = Debug|Any CPU
		{6DF30442-1143-4A11-AFEA-9E6318F20EC1}.Release|Any CPU.ActiveCfg = Release|Any CPU
		{6DF30442-1143-4A11-AFEA-9E6318F20EC1}.Release|Any CPU.Build.0 = Release|Any CPU
	EndGlobalSection
EndGlobal
